// !$*UTF8*$!
{
	archiveVersion = 1;
	classes = {
	};
	objectVersion = 50;
	objects = {

/* Begin PBXBuildFile section */
		550D239F23BF9593009C3955 /* GoogleService-Info.plist in Resources */ = {isa = PBXBuildFile; fileRef = 550D239E23BF9593009C3955 /* GoogleService-Info.plist */; };
		550FDBAF23BC10310088EACC /* HourlyForecastTableViewCell.swift in Sources */ = {isa = PBXBuildFile; fileRef = 550FDBAE23BC10310088EACC /* HourlyForecastTableViewCell.swift */; };
		550FDBB123BD00DE0088EACC /* PersistenceManager.swift in Sources */ = {isa = PBXBuildFile; fileRef = 550FDBB023BD00DE0088EACC /* PersistenceManager.swift */; };
		550FDBB323BD059B0088EACC /* SavedLocationsViewController.swift in Sources */ = {isa = PBXBuildFile; fileRef = 550FDBB223BD059B0088EACC /* SavedLocationsViewController.swift */; };
		550FDBB623BD07A10088EACC /* SavedLocationTableViewCell.swift in Sources */ = {isa = PBXBuildFile; fileRef = 550FDBB523BD07A10088EACC /* SavedLocationTableViewCell.swift */; };
		551A0FAC23C02F2300F4E5F1 /* Constants.swift in Sources */ = {isa = PBXBuildFile; fileRef = 551A0FAB23C02F2300F4E5F1 /* Constants.swift */; };
		551BFA7823BF000D00E98456 /* SignUpViewController.swift in Sources */ = {isa = PBXBuildFile; fileRef = 551BFA7723BF000D00E98456 /* SignUpViewController.swift */; };
		551BFA7C23BF003900E98456 /* LoginViewController.swift in Sources */ = {isa = PBXBuildFile; fileRef = 551BFA7B23BF003900E98456 /* LoginViewController.swift */; };
		551BFA7E23BF00E100E98456 /* AuthenticationViewController.swift in Sources */ = {isa = PBXBuildFile; fileRef = 551BFA7D23BF00E100E98456 /* AuthenticationViewController.swift */; };
		551CF19823BAE8CD00101E57 /* WeatherImages.swift in Sources */ = {isa = PBXBuildFile; fileRef = 551CF19723BAE8CD00101E57 /* WeatherImages.swift */; };
		551CF19A23BB039A00101E57 /* FiveDayForecastViewController.swift in Sources */ = {isa = PBXBuildFile; fileRef = 551CF19923BB039A00101E57 /* FiveDayForecastViewController.swift */; };
		551CF19C23BB049600101E57 /* FiveDayForecastTableViewCell.swift in Sources */ = {isa = PBXBuildFile; fileRef = 551CF19B23BB049600101E57 /* FiveDayForecastTableViewCell.swift */; };
		5521B1B623B6C90300D0911C /* WeatherReport.swift in Sources */ = {isa = PBXBuildFile; fileRef = 5521B1B523B6C90300D0911C /* WeatherReport.swift */; };
		5521B1B823B6ED7B00D0911C /* Helpers.swift in Sources */ = {isa = PBXBuildFile; fileRef = 5521B1B723B6ED7B00D0911C /* Helpers.swift */; };
		5521B1BA23B8402E00D0911C /* OpenWeatherManager.swift in Sources */ = {isa = PBXBuildFile; fileRef = 5521B1B923B8402E00D0911C /* OpenWeatherManager.swift */; };
		555A1A5723BE3A9400953214 /* cities.us.fromAPI.json in Resources */ = {isa = PBXBuildFile; fileRef = 555A1A5623BE3A9400953214 /* cities.us.fromAPI.json */; };
		555A1A5923BE7DBD00953214 /* DayOfWeek.swift in Sources */ = {isa = PBXBuildFile; fileRef = 555A1A5823BE7DBD00953214 /* DayOfWeek.swift */; };
		55617CB823BF9D4100D1EBC4 /* String+Extensions.swift in Sources */ = {isa = PBXBuildFile; fileRef = 55617CB723BF9D4100D1EBC4 /* String+Extensions.swift */; };
		5585762B23B8794000CABA38 /* IndexesOfAlphabeticalCheckPointsInCityList.txt in Resources */ = {isa = PBXBuildFile; fileRef = 5585762A23B8794000CABA38 /* IndexesOfAlphabeticalCheckPointsInCityList.txt */; };
		5585762D23B8798C00CABA38 /* CityListCheckPoints.swift in Sources */ = {isa = PBXBuildFile; fileRef = 5585762C23B8798C00CABA38 /* CityListCheckPoints.swift */; };
		5585762F23B87E3E00CABA38 /* Range.swift in Sources */ = {isa = PBXBuildFile; fileRef = 5585762E23B87E3E00CABA38 /* Range.swift */; };
		5585763123B87E5700CABA38 /* Temperature.swift in Sources */ = {isa = PBXBuildFile; fileRef = 5585763023B87E5700CABA38 /* Temperature.swift */; };
		5585763323B8807900CABA38 /* City.swift in Sources */ = {isa = PBXBuildFile; fileRef = 5585763223B8807900CABA38 /* City.swift */; };
		5585763523B93CC000CABA38 /* AutocompleteSearchManager.swift in Sources */ = {isa = PBXBuildFile; fileRef = 5585763423B93CC000CABA38 /* AutocompleteSearchManager.swift */; };
		5585763723B93EA400CABA38 /* JsonParser.swift in Sources */ = {isa = PBXBuildFile; fileRef = 5585763623B93EA400CABA38 /* JsonParser.swift */; };
		55A079A823BD1B68002BD11D /* LocationSearchViewController.swift in Sources */ = {isa = PBXBuildFile; fileRef = 55A079A723BD1B68002BD11D /* LocationSearchViewController.swift */; };
		55A079AA23BD1C39002BD11D /* AutocompleteCitySearchTableViewCell.swift in Sources */ = {isa = PBXBuildFile; fileRef = 55A079A923BD1C39002BD11D /* AutocompleteCitySearchTableViewCell.swift */; };
		55A079AE23BD2D65002BD11D /* city.list.withoutUS.json in Resources */ = {isa = PBXBuildFile; fileRef = 55A079AD23BD2D65002BD11D /* city.list.withoutUS.json */; };
		55A2916623B9818F0031F48E /* UIColor+Extensions.swift in Sources */ = {isa = PBXBuildFile; fileRef = 55A2916523B9818F0031F48E /* UIColor+Extensions.swift */; };
		55A2916723B98C060031F48E /* Arial Rounded Bold.ttf in Resources */ = {isa = PBXBuildFile; fileRef = 5585763923B95E1000CABA38 /* Arial Rounded Bold.ttf */; };
		55A2916823B98C080031F48E /* Baloo-Regular.ttf in Resources */ = {isa = PBXBuildFile; fileRef = 5585763823B95E0F00CABA38 /* Baloo-Regular.ttf */; };
		55A2916A23B994370031F48E /* UILabel+Extensions.swift in Sources */ = {isa = PBXBuildFile; fileRef = 55A2916923B994370031F48E /* UILabel+Extensions.swift */; };
		55A2916C23BAE4060031F48E /* ScrollParentViewController.swift in Sources */ = {isa = PBXBuildFile; fileRef = 55A2916B23BAE4060031F48E /* ScrollParentViewController.swift */; };
		55C3FE3D23B6B27F00CE7776 /* AppDelegate.swift in Sources */ = {isa = PBXBuildFile; fileRef = 55C3FE3C23B6B27F00CE7776 /* AppDelegate.swift */; };
		55C3FE3F23B6B27F00CE7776 /* SceneDelegate.swift in Sources */ = {isa = PBXBuildFile; fileRef = 55C3FE3E23B6B27F00CE7776 /* SceneDelegate.swift */; };
		55C3FE4123B6B27F00CE7776 /* CurrentWeatherViewController.swift in Sources */ = {isa = PBXBuildFile; fileRef = 55C3FE4023B6B27F00CE7776 /* CurrentWeatherViewController.swift */; };
		55C3FE4423B6B27F00CE7776 /* Main.storyboard in Resources */ = {isa = PBXBuildFile; fileRef = 55C3FE4223B6B27F00CE7776 /* Main.storyboard */; };
		55C3FE4723B6B27F00CE7776 /* Umbrella_Today_.xcdatamodeld in Sources */ = {isa = PBXBuildFile; fileRef = 55C3FE4523B6B27F00CE7776 /* Umbrella_Today_.xcdatamodeld */; };
		55C3FE4923B6B28200CE7776 /* Assets.xcassets in Resources */ = {isa = PBXBuildFile; fileRef = 55C3FE4823B6B28200CE7776 /* Assets.xcassets */; };
		55C3FE4C23B6B28200CE7776 /* LaunchScreen.storyboard in Resources */ = {isa = PBXBuildFile; fileRef = 55C3FE4A23B6B28200CE7776 /* LaunchScreen.storyboard */; };
		55C92A8F23BBA80C0040F854 /* SimpleWeatherReport.swift in Sources */ = {isa = PBXBuildFile; fileRef = 55C92A8E23BBA80C0040F854 /* SimpleWeatherReport.swift */; };
		55C92A9323BBD76D0040F854 /* WeatherReportData.swift in Sources */ = {isa = PBXBuildFile; fileRef = 55C92A9223BBD76D0040F854 /* WeatherReportData.swift */; };
		55C92A9523BC0B950040F854 /* HourlyForecastViewController.swift in Sources */ = {isa = PBXBuildFile; fileRef = 55C92A9423BC0B950040F854 /* HourlyForecastViewController.swift */; };
		55CC3E8A23BFC30B001A38C1 /* UserInfoViewController.swift in Sources */ = {isa = PBXBuildFile; fileRef = 55CC3E8923BFC30B001A38C1 /* UserInfoViewController.swift */; };
		55CC3E8C23BFD425001A38C1 /* FirebaseManager.swift in Sources */ = {isa = PBXBuildFile; fileRef = 55CC3E8B23BFD425001A38C1 /* FirebaseManager.swift */; };
		740AA9BC6AFAFF17F1BCBC0D /* Pods_Umbrella_Today_.framework in Frameworks */ = {isa = PBXBuildFile; fileRef = FAFD893038799641174FC52B /* Pods_Umbrella_Today_.framework */; };
/* End PBXBuildFile section */

/* Begin PBXFileReference section */
		22FFC432312624CC84A18F46 /* Pods-Umbrella Today?.debug.xcconfig */ = {isa = PBXFileReference; includeInIndex = 1; lastKnownFileType = text.xcconfig; name = "Pods-Umbrella Today?.debug.xcconfig"; path = "Target Support Files/Pods-Umbrella Today?/Pods-Umbrella Today?.debug.xcconfig"; sourceTree = "<group>"; };
		550D239E23BF9593009C3955 /* GoogleService-Info.plist */ = {isa = PBXFileReference; fileEncoding = 4; lastKnownFileType = text.plist.xml; path = "GoogleService-Info.plist"; sourceTree = "<group>"; };
		550FDBAE23BC10310088EACC /* HourlyForecastTableViewCell.swift */ = {isa = PBXFileReference; lastKnownFileType = sourcecode.swift; path = HourlyForecastTableViewCell.swift; sourceTree = "<group>"; };
		550FDBB023BD00DE0088EACC /* PersistenceManager.swift */ = {isa = PBXFileReference; lastKnownFileType = sourcecode.swift; path = PersistenceManager.swift; sourceTree = "<group>"; };
		550FDBB223BD059B0088EACC /* SavedLocationsViewController.swift */ = {isa = PBXFileReference; lastKnownFileType = sourcecode.swift; path = SavedLocationsViewController.swift; sourceTree = "<group>"; };
		550FDBB523BD07A10088EACC /* SavedLocationTableViewCell.swift */ = {isa = PBXFileReference; lastKnownFileType = sourcecode.swift; path = SavedLocationTableViewCell.swift; sourceTree = "<group>"; };
		551A0FAB23C02F2300F4E5F1 /* Constants.swift */ = {isa = PBXFileReference; lastKnownFileType = sourcecode.swift; path = Constants.swift; sourceTree = "<group>"; };
		551BFA7723BF000D00E98456 /* SignUpViewController.swift */ = {isa = PBXFileReference; lastKnownFileType = sourcecode.swift; path = SignUpViewController.swift; sourceTree = "<group>"; };
		551BFA7B23BF003900E98456 /* LoginViewController.swift */ = {isa = PBXFileReference; lastKnownFileType = sourcecode.swift; path = LoginViewController.swift; sourceTree = "<group>"; };
		551BFA7D23BF00E100E98456 /* AuthenticationViewController.swift */ = {isa = PBXFileReference; lastKnownFileType = sourcecode.swift; path = AuthenticationViewController.swift; sourceTree = "<group>"; };
		551CF19723BAE8CD00101E57 /* WeatherImages.swift */ = {isa = PBXFileReference; lastKnownFileType = sourcecode.swift; path = WeatherImages.swift; sourceTree = "<group>"; };
		551CF19923BB039A00101E57 /* FiveDayForecastViewController.swift */ = {isa = PBXFileReference; lastKnownFileType = sourcecode.swift; path = FiveDayForecastViewController.swift; sourceTree = "<group>"; };
		551CF19B23BB049600101E57 /* FiveDayForecastTableViewCell.swift */ = {isa = PBXFileReference; lastKnownFileType = sourcecode.swift; path = FiveDayForecastTableViewCell.swift; sourceTree = "<group>"; };
		5521B1B523B6C90300D0911C /* WeatherReport.swift */ = {isa = PBXFileReference; lastKnownFileType = sourcecode.swift; path = WeatherReport.swift; sourceTree = "<group>"; };
		5521B1B723B6ED7B00D0911C /* Helpers.swift */ = {isa = PBXFileReference; lastKnownFileType = sourcecode.swift; path = Helpers.swift; sourceTree = "<group>"; };
		5521B1B923B8402E00D0911C /* OpenWeatherManager.swift */ = {isa = PBXFileReference; lastKnownFileType = sourcecode.swift; path = OpenWeatherManager.swift; sourceTree = "<group>"; };
		555A1A5623BE3A9400953214 /* cities.us.fromAPI.json */ = {isa = PBXFileReference; fileEncoding = 4; lastKnownFileType = text.json; path = cities.us.fromAPI.json; sourceTree = "<group>"; };
		555A1A5823BE7DBD00953214 /* DayOfWeek.swift */ = {isa = PBXFileReference; lastKnownFileType = sourcecode.swift; path = DayOfWeek.swift; sourceTree = "<group>"; };
		55617CB723BF9D4100D1EBC4 /* String+Extensions.swift */ = {isa = PBXFileReference; lastKnownFileType = sourcecode.swift; path = "String+Extensions.swift"; sourceTree = "<group>"; };
		5585762A23B8794000CABA38 /* IndexesOfAlphabeticalCheckPointsInCityList.txt */ = {isa = PBXFileReference; lastKnownFileType = text; path = IndexesOfAlphabeticalCheckPointsInCityList.txt; sourceTree = "<group>"; };
		5585762C23B8798C00CABA38 /* CityListCheckPoints.swift */ = {isa = PBXFileReference; lastKnownFileType = sourcecode.swift; path = CityListCheckPoints.swift; sourceTree = "<group>"; };
		5585762E23B87E3E00CABA38 /* Range.swift */ = {isa = PBXFileReference; lastKnownFileType = sourcecode.swift; path = Range.swift; sourceTree = "<group>"; };
		5585763023B87E5700CABA38 /* Temperature.swift */ = {isa = PBXFileReference; lastKnownFileType = sourcecode.swift; path = Temperature.swift; sourceTree = "<group>"; };
		5585763223B8807900CABA38 /* City.swift */ = {isa = PBXFileReference; lastKnownFileType = sourcecode.swift; path = City.swift; sourceTree = "<group>"; };
		5585763423B93CC000CABA38 /* AutocompleteSearchManager.swift */ = {isa = PBXFileReference; lastKnownFileType = sourcecode.swift; path = AutocompleteSearchManager.swift; sourceTree = "<group>"; };
		5585763623B93EA400CABA38 /* JsonParser.swift */ = {isa = PBXFileReference; lastKnownFileType = sourcecode.swift; path = JsonParser.swift; sourceTree = "<group>"; };
		5585763823B95E0F00CABA38 /* Baloo-Regular.ttf */ = {isa = PBXFileReference; lastKnownFileType = file; path = "Baloo-Regular.ttf"; sourceTree = "<group>"; };
		5585763923B95E1000CABA38 /* Arial Rounded Bold.ttf */ = {isa = PBXFileReference; lastKnownFileType = file; path = "Arial Rounded Bold.ttf"; sourceTree = "<group>"; };
		55A079A723BD1B68002BD11D /* LocationSearchViewController.swift */ = {isa = PBXFileReference; lastKnownFileType = sourcecode.swift; path = LocationSearchViewController.swift; sourceTree = "<group>"; };
		55A079A923BD1C39002BD11D /* AutocompleteCitySearchTableViewCell.swift */ = {isa = PBXFileReference; lastKnownFileType = sourcecode.swift; path = AutocompleteCitySearchTableViewCell.swift; sourceTree = "<group>"; };
		55A079AD23BD2D65002BD11D /* city.list.withoutUS.json */ = {isa = PBXFileReference; fileEncoding = 4; lastKnownFileType = text.json; path = city.list.withoutUS.json; sourceTree = "<group>"; };
		55A2916523B9818F0031F48E /* UIColor+Extensions.swift */ = {isa = PBXFileReference; lastKnownFileType = sourcecode.swift; path = "UIColor+Extensions.swift"; sourceTree = "<group>"; };
		55A2916923B994370031F48E /* UILabel+Extensions.swift */ = {isa = PBXFileReference; lastKnownFileType = sourcecode.swift; path = "UILabel+Extensions.swift"; sourceTree = "<group>"; };
		55A2916B23BAE4060031F48E /* ScrollParentViewController.swift */ = {isa = PBXFileReference; lastKnownFileType = sourcecode.swift; path = ScrollParentViewController.swift; sourceTree = "<group>"; };
		55C3FE3923B6B27F00CE7776 /* UmbrellaPal.app */ = {isa = PBXFileReference; explicitFileType = wrapper.application; includeInIndex = 0; path = UmbrellaPal.app; sourceTree = BUILT_PRODUCTS_DIR; };
		55C3FE3C23B6B27F00CE7776 /* AppDelegate.swift */ = {isa = PBXFileReference; lastKnownFileType = sourcecode.swift; path = AppDelegate.swift; sourceTree = "<group>"; };
		55C3FE3E23B6B27F00CE7776 /* SceneDelegate.swift */ = {isa = PBXFileReference; lastKnownFileType = sourcecode.swift; path = SceneDelegate.swift; sourceTree = "<group>"; };
		55C3FE4023B6B27F00CE7776 /* CurrentWeatherViewController.swift */ = {isa = PBXFileReference; lastKnownFileType = sourcecode.swift; path = CurrentWeatherViewController.swift; sourceTree = "<group>"; };
		55C3FE4323B6B27F00CE7776 /* Base */ = {isa = PBXFileReference; lastKnownFileType = file.storyboard; name = Base; path = Base.lproj/Main.storyboard; sourceTree = "<group>"; };
		55C3FE4623B6B27F00CE7776 /* Umbrella_Today_.xcdatamodel */ = {isa = PBXFileReference; lastKnownFileType = wrapper.xcdatamodel; path = Umbrella_Today_.xcdatamodel; sourceTree = "<group>"; };
		55C3FE4823B6B28200CE7776 /* Assets.xcassets */ = {isa = PBXFileReference; lastKnownFileType = folder.assetcatalog; path = Assets.xcassets; sourceTree = "<group>"; };
		55C3FE4B23B6B28200CE7776 /* Base */ = {isa = PBXFileReference; lastKnownFileType = file.storyboard; name = Base; path = Base.lproj/LaunchScreen.storyboard; sourceTree = "<group>"; };
		55C3FE4D23B6B28200CE7776 /* Info.plist */ = {isa = PBXFileReference; lastKnownFileType = text.plist.xml; path = Info.plist; sourceTree = "<group>"; };
		55C92A8E23BBA80C0040F854 /* SimpleWeatherReport.swift */ = {isa = PBXFileReference; lastKnownFileType = sourcecode.swift; path = SimpleWeatherReport.swift; sourceTree = "<group>"; };
		55C92A9223BBD76D0040F854 /* WeatherReportData.swift */ = {isa = PBXFileReference; lastKnownFileType = sourcecode.swift; path = WeatherReportData.swift; sourceTree = "<group>"; };
		55C92A9423BC0B950040F854 /* HourlyForecastViewController.swift */ = {isa = PBXFileReference; lastKnownFileType = sourcecode.swift; path = HourlyForecastViewController.swift; sourceTree = "<group>"; };
		55CC3E8923BFC30B001A38C1 /* UserInfoViewController.swift */ = {isa = PBXFileReference; lastKnownFileType = sourcecode.swift; path = UserInfoViewController.swift; sourceTree = "<group>"; };
		55CC3E8B23BFD425001A38C1 /* FirebaseManager.swift */ = {isa = PBXFileReference; lastKnownFileType = sourcecode.swift; path = FirebaseManager.swift; sourceTree = "<group>"; };
		99EC326CFE3E1ADBC87A6EF7 /* Pods-Umbrella Today?.release.xcconfig */ = {isa = PBXFileReference; includeInIndex = 1; lastKnownFileType = text.xcconfig; name = "Pods-Umbrella Today?.release.xcconfig"; path = "Target Support Files/Pods-Umbrella Today?/Pods-Umbrella Today?.release.xcconfig"; sourceTree = "<group>"; };
		FAFD893038799641174FC52B /* Pods_Umbrella_Today_.framework */ = {isa = PBXFileReference; explicitFileType = wrapper.framework; includeInIndex = 0; path = Pods_Umbrella_Today_.framework; sourceTree = BUILT_PRODUCTS_DIR; };
/* End PBXFileReference section */

/* Begin PBXFrameworksBuildPhase section */
		55C3FE3623B6B27F00CE7776 /* Frameworks */ = {
			isa = PBXFrameworksBuildPhase;
			buildActionMask = 2147483647;
			files = (
				740AA9BC6AFAFF17F1BCBC0D /* Pods_Umbrella_Today_.framework in Frameworks */,
			);
			runOnlyForDeploymentPostprocessing = 0;
		};
/* End PBXFrameworksBuildPhase section */

/* Begin PBXGroup section */
		06DC72063C4D870A3A8E0C94 /* Pods */ = {
			isa = PBXGroup;
			children = (
				22FFC432312624CC84A18F46 /* Pods-Umbrella Today?.debug.xcconfig */,
				99EC326CFE3E1ADBC87A6EF7 /* Pods-Umbrella Today?.release.xcconfig */,
			);
			path = Pods;
			sourceTree = "<group>";
		};
		550FDBB423BD05A60088EACC /* View Controllers */ = {
			isa = PBXGroup;
			children = (
				55A2916B23BAE4060031F48E /* ScrollParentViewController.swift */,
				55C3FE4023B6B27F00CE7776 /* CurrentWeatherViewController.swift */,
				55C92A9423BC0B950040F854 /* HourlyForecastViewController.swift */,
				551CF19923BB039A00101E57 /* FiveDayForecastViewController.swift */,
				550FDBB223BD059B0088EACC /* SavedLocationsViewController.swift */,
				55A079A723BD1B68002BD11D /* LocationSearchViewController.swift */,
				551BFA7F23BF887900E98456 /* Authentication */,
			);
			path = "View Controllers";
			sourceTree = "<group>";
		};
		551BFA7F23BF887900E98456 /* Authentication */ = {
			isa = PBXGroup;
			children = (
				551BFA7D23BF00E100E98456 /* AuthenticationViewController.swift */,
				551BFA7723BF000D00E98456 /* SignUpViewController.swift */,
				551BFA7B23BF003900E98456 /* LoginViewController.swift */,
				55CC3E8923BFC30B001A38C1 /* UserInfoViewController.swift */,
			);
			path = Authentication;
			sourceTree = "<group>";
		};
		5521B1BB23B8432D00D0911C /* Controller */ = {
			isa = PBXGroup;
			children = (
				550FDBB423BD05A60088EACC /* View Controllers */,
				5521B1B923B8402E00D0911C /* OpenWeatherManager.swift */,
				5585763423B93CC000CABA38 /* AutocompleteSearchManager.swift */,
				5585763623B93EA400CABA38 /* JsonParser.swift */,
				5521B1B723B6ED7B00D0911C /* Helpers.swift */,
				550FDBB023BD00DE0088EACC /* PersistenceManager.swift */,
				55CC3E8B23BFD425001A38C1 /* FirebaseManager.swift */,
			);
			path = Controller;
			sourceTree = "<group>";
		};
		5521B1BC23B8438300D0911C /* Model */ = {
			isa = PBXGroup;
			children = (
				5521B1B523B6C90300D0911C /* WeatherReport.swift */,
				55C92A8E23BBA80C0040F854 /* SimpleWeatherReport.swift */,
				5585763223B8807900CABA38 /* City.swift */,
				55C92A9223BBD76D0040F854 /* WeatherReportData.swift */,
				5585763023B87E5700CABA38 /* Temperature.swift */,
				551CF19723BAE8CD00101E57 /* WeatherImages.swift */,
				5585762C23B8798C00CABA38 /* CityListCheckPoints.swift */,
				5585762E23B87E3E00CABA38 /* Range.swift */,
				555A1A5823BE7DBD00953214 /* DayOfWeek.swift */,
				551A0FAB23C02F2300F4E5F1 /* Constants.swift */,
				555A1A5623BE3A9400953214 /* cities.us.fromAPI.json */,
				55A079AD23BD2D65002BD11D /* city.list.withoutUS.json */,
				5585762A23B8794000CABA38 /* IndexesOfAlphabeticalCheckPointsInCityList.txt */,
			);
			path = Model;
			sourceTree = "<group>";
		};
		5521B1BD23B843C300D0911C /* View */ = {
			isa = PBXGroup;
			children = (
				550FDBAE23BC10310088EACC /* HourlyForecastTableViewCell.swift */,
				551CF19B23BB049600101E57 /* FiveDayForecastTableViewCell.swift */,
				550FDBB523BD07A10088EACC /* SavedLocationTableViewCell.swift */,
				55A079A923BD1C39002BD11D /* AutocompleteCitySearchTableViewCell.swift */,
			);
			path = View;
			sourceTree = "<group>";
		};
		55A2916423B981750031F48E /* Extensions */ = {
			isa = PBXGroup;
			children = (
				55A2916523B9818F0031F48E /* UIColor+Extensions.swift */,
				55A2916923B994370031F48E /* UILabel+Extensions.swift */,
				55617CB723BF9D4100D1EBC4 /* String+Extensions.swift */,
			);
			path = Extensions;
			sourceTree = "<group>";
		};
		55C3FE3023B6B27F00CE7776 = {
			isa = PBXGroup;
			children = (
				55C3FE3B23B6B27F00CE7776 /* Umbrella Today? */,
				55C3FE3A23B6B27F00CE7776 /* Products */,
				06DC72063C4D870A3A8E0C94 /* Pods */,
				C6496420EBCE793A4E3186B2 /* Frameworks */,
			);
			sourceTree = "<group>";
		};
		55C3FE3A23B6B27F00CE7776 /* Products */ = {
			isa = PBXGroup;
			children = (
				55C3FE3923B6B27F00CE7776 /* UmbrellaPal.app */,
			);
			name = Products;
			sourceTree = "<group>";
		};
		55C3FE3B23B6B27F00CE7776 /* Umbrella Today? */ = {
			isa = PBXGroup;
			children = (
				550D239E23BF9593009C3955 /* GoogleService-Info.plist */,
				55C3FE3C23B6B27F00CE7776 /* AppDelegate.swift */,
				55C3FE3E23B6B27F00CE7776 /* SceneDelegate.swift */,
				55C3FE4223B6B27F00CE7776 /* Main.storyboard */,
				5521B1BC23B8438300D0911C /* Model */,
				5521B1BD23B843C300D0911C /* View */,
				5521B1BB23B8432D00D0911C /* Controller */,
				55A2916423B981750031F48E /* Extensions */,
				55C92A8D23BB158C0040F854 /* Fonts */,
				55C3FE4823B6B28200CE7776 /* Assets.xcassets */,
				55C3FE4A23B6B28200CE7776 /* LaunchScreen.storyboard */,
				55C3FE4D23B6B28200CE7776 /* Info.plist */,
				55C3FE4523B6B27F00CE7776 /* Umbrella_Today_.xcdatamodeld */,
			);
			path = "Umbrella Today?";
			sourceTree = "<group>";
		};
		55C92A8D23BB158C0040F854 /* Fonts */ = {
			isa = PBXGroup;
			children = (
				5585763923B95E1000CABA38 /* Arial Rounded Bold.ttf */,
				5585763823B95E0F00CABA38 /* Baloo-Regular.ttf */,
			);
			path = Fonts;
			sourceTree = "<group>";
		};
		C6496420EBCE793A4E3186B2 /* Frameworks */ = {
			isa = PBXGroup;
			children = (
				FAFD893038799641174FC52B /* Pods_Umbrella_Today_.framework */,
			);
			name = Frameworks;
			sourceTree = "<group>";
		};
/* End PBXGroup section */

/* Begin PBXNativeTarget section */
		55C3FE3823B6B27F00CE7776 /* Umbrella Today? */ = {
			isa = PBXNativeTarget;
			buildConfigurationList = 55C3FE5023B6B28200CE7776 /* Build configuration list for PBXNativeTarget "Umbrella Today?" */;
			buildPhases = (
				F48B4D54DAA6BEB3A6CB8CAF /* [CP] Check Pods Manifest.lock */,
				55C3FE3523B6B27F00CE7776 /* Sources */,
				55C3FE3623B6B27F00CE7776 /* Frameworks */,
				55C3FE3723B6B27F00CE7776 /* Resources */,
				8708ED008DB116576F2BE95F /* [CP] Embed Pods Frameworks */,
			);
			buildRules = (
			);
			dependencies = (
			);
			name = "Umbrella Today?";
			productName = "Umbrella Today?";
			productReference = 55C3FE3923B6B27F00CE7776 /* UmbrellaPal.app */;
			productType = "com.apple.product-type.application";
		};
/* End PBXNativeTarget section */

/* Begin PBXProject section */
		55C3FE3123B6B27F00CE7776 /* Project object */ = {
			isa = PBXProject;
			attributes = {
				LastSwiftUpdateCheck = 1130;
				LastUpgradeCheck = 1130;
				ORGANIZATIONNAME = "Fiesta Togo Inc";
				TargetAttributes = {
					55C3FE3823B6B27F00CE7776 = {
						CreatedOnToolsVersion = 11.3;
					};
				};
			};
			buildConfigurationList = 55C3FE3423B6B27F00CE7776 /* Build configuration list for PBXProject "Umbrella Today?" */;
			compatibilityVersion = "Xcode 9.3";
			developmentRegion = en;
			hasScannedForEncodings = 0;
			knownRegions = (
				en,
				Base,
			);
			mainGroup = 55C3FE3023B6B27F00CE7776;
			productRefGroup = 55C3FE3A23B6B27F00CE7776 /* Products */;
			projectDirPath = "";
			projectRoot = "";
			targets = (
				55C3FE3823B6B27F00CE7776 /* Umbrella Today? */,
			);
		};
/* End PBXProject section */

/* Begin PBXResourcesBuildPhase section */
		55C3FE3723B6B27F00CE7776 /* Resources */ = {
			isa = PBXResourcesBuildPhase;
			buildActionMask = 2147483647;
			files = (
				55A079AE23BD2D65002BD11D /* city.list.withoutUS.json in Resources */,
				550D239F23BF9593009C3955 /* GoogleService-Info.plist in Resources */,
				555A1A5723BE3A9400953214 /* cities.us.fromAPI.json in Resources */,
				55C3FE4C23B6B28200CE7776 /* LaunchScreen.storyboard in Resources */,
				5585762B23B8794000CABA38 /* IndexesOfAlphabeticalCheckPointsInCityList.txt in Resources */,
				55C3FE4923B6B28200CE7776 /* Assets.xcassets in Resources */,
				55C3FE4423B6B27F00CE7776 /* Main.storyboard in Resources */,
				55A2916723B98C060031F48E /* Arial Rounded Bold.ttf in Resources */,
				55A2916823B98C080031F48E /* Baloo-Regular.ttf in Resources */,
			);
			runOnlyForDeploymentPostprocessing = 0;
		};
/* End PBXResourcesBuildPhase section */

/* Begin PBXShellScriptBuildPhase section */
		8708ED008DB116576F2BE95F /* [CP] Embed Pods Frameworks */ = {
			isa = PBXShellScriptBuildPhase;
			buildActionMask = 2147483647;
			files = (
			);
			inputFileListPaths = (
			);
			inputPaths = (
				"${PODS_ROOT}/Target Support Files/Pods-Umbrella Today?/Pods-Umbrella Today?-frameworks.sh",
				"${BUILT_PRODUCTS_DIR}/Alamofire/Alamofire.framework",
				"${BUILT_PRODUCTS_DIR}/BoringSSL-GRPC/openssl_grpc.framework",
				"${BUILT_PRODUCTS_DIR}/GTMSessionFetcher/GTMSessionFetcher.framework",
				"${BUILT_PRODUCTS_DIR}/GoogleUtilities/GoogleUtilities.framework",
				"${BUILT_PRODUCTS_DIR}/RxCocoa/RxCocoa.framework",
				"${BUILT_PRODUCTS_DIR}/RxRelay/RxRelay.framework",
				"${BUILT_PRODUCTS_DIR}/RxSwift/RxSwift.framework",
				"${BUILT_PRODUCTS_DIR}/abseil/absl.framework",
				"${BUILT_PRODUCTS_DIR}/gRPC-C++/grpcpp.framework",
				"${BUILT_PRODUCTS_DIR}/gRPC-Core/grpc.framework",
				"${BUILT_PRODUCTS_DIR}/leveldb-library/leveldb.framework",
				"${BUILT_PRODUCTS_DIR}/nanopb/nanopb.framework",
			);
			name = "[CP] Embed Pods Frameworks";
			outputFileListPaths = (
			);
			outputPaths = (
				"${TARGET_BUILD_DIR}/${FRAMEWORKS_FOLDER_PATH}/Alamofire.framework",
				"${TARGET_BUILD_DIR}/${FRAMEWORKS_FOLDER_PATH}/openssl_grpc.framework",
				"${TARGET_BUILD_DIR}/${FRAMEWORKS_FOLDER_PATH}/GTMSessionFetcher.framework",
				"${TARGET_BUILD_DIR}/${FRAMEWORKS_FOLDER_PATH}/GoogleUtilities.framework",
				"${TARGET_BUILD_DIR}/${FRAMEWORKS_FOLDER_PATH}/RxCocoa.framework",
				"${TARGET_BUILD_DIR}/${FRAMEWORKS_FOLDER_PATH}/RxRelay.framework",
				"${TARGET_BUILD_DIR}/${FRAMEWORKS_FOLDER_PATH}/RxSwift.framework",
				"${TARGET_BUILD_DIR}/${FRAMEWORKS_FOLDER_PATH}/absl.framework",
				"${TARGET_BUILD_DIR}/${FRAMEWORKS_FOLDER_PATH}/grpcpp.framework",
				"${TARGET_BUILD_DIR}/${FRAMEWORKS_FOLDER_PATH}/grpc.framework",
				"${TARGET_BUILD_DIR}/${FRAMEWORKS_FOLDER_PATH}/leveldb.framework",
				"${TARGET_BUILD_DIR}/${FRAMEWORKS_FOLDER_PATH}/nanopb.framework",
			);
			runOnlyForDeploymentPostprocessing = 0;
			shellPath = /bin/sh;
			shellScript = "\"${PODS_ROOT}/Target Support Files/Pods-Umbrella Today?/Pods-Umbrella Today?-frameworks.sh\"\n";
			showEnvVarsInLog = 0;
		};
		F48B4D54DAA6BEB3A6CB8CAF /* [CP] Check Pods Manifest.lock */ = {
			isa = PBXShellScriptBuildPhase;
			buildActionMask = 2147483647;
			files = (
			);
			inputFileListPaths = (
			);
			inputPaths = (
				"${PODS_PODFILE_DIR_PATH}/Podfile.lock",
				"${PODS_ROOT}/Manifest.lock",
			);
			name = "[CP] Check Pods Manifest.lock";
			outputFileListPaths = (
			);
			outputPaths = (
				"$(DERIVED_FILE_DIR)/Pods-Umbrella Today?-checkManifestLockResult.txt",
			);
			runOnlyForDeploymentPostprocessing = 0;
			shellPath = /bin/sh;
			shellScript = "diff \"${PODS_PODFILE_DIR_PATH}/Podfile.lock\" \"${PODS_ROOT}/Manifest.lock\" > /dev/null\nif [ $? != 0 ] ; then\n    # print error to STDERR\n    echo \"error: The sandbox is not in sync with the Podfile.lock. Run 'pod install' or update your CocoaPods installation.\" >&2\n    exit 1\nfi\n# This output is used by Xcode 'outputs' to avoid re-running this script phase.\necho \"SUCCESS\" > \"${SCRIPT_OUTPUT_FILE_0}\"\n";
			showEnvVarsInLog = 0;
		};
/* End PBXShellScriptBuildPhase section */

/* Begin PBXSourcesBuildPhase section */
		55C3FE3523B6B27F00CE7776 /* Sources */ = {
			isa = PBXSourcesBuildPhase;
			buildActionMask = 2147483647;
			files = (
				5521B1BA23B8402E00D0911C /* OpenWeatherManager.swift in Sources */,
				5585763523B93CC000CABA38 /* AutocompleteSearchManager.swift in Sources */,
				55CC3E8C23BFD425001A38C1 /* FirebaseManager.swift in Sources */,
				55C3FE4123B6B27F00CE7776 /* CurrentWeatherViewController.swift in Sources */,
				550FDBB123BD00DE0088EACC /* PersistenceManager.swift in Sources */,
				551CF19823BAE8CD00101E57 /* WeatherImages.swift in Sources */,
				551CF19C23BB049600101E57 /* FiveDayForecastTableViewCell.swift in Sources */,
				550FDBB323BD059B0088EACC /* SavedLocationsViewController.swift in Sources */,
				5521B1B823B6ED7B00D0911C /* Helpers.swift in Sources */,
				55C92A8F23BBA80C0040F854 /* SimpleWeatherReport.swift in Sources */,
				55CC3E8A23BFC30B001A38C1 /* UserInfoViewController.swift in Sources */,
				55C92A9323BBD76D0040F854 /* WeatherReportData.swift in Sources */,
				55C92A9523BC0B950040F854 /* HourlyForecastViewController.swift in Sources */,
				5585762F23B87E3E00CABA38 /* Range.swift in Sources */,
				551BFA7E23BF00E100E98456 /* AuthenticationViewController.swift in Sources */,
				55C3FE3D23B6B27F00CE7776 /* AppDelegate.swift in Sources */,
				551BFA7C23BF003900E98456 /* LoginViewController.swift in Sources */,
				55A2916C23BAE4060031F48E /* ScrollParentViewController.swift in Sources */,
				550FDBB623BD07A10088EACC /* SavedLocationTableViewCell.swift in Sources */,
				55A2916A23B994370031F48E /* UILabel+Extensions.swift in Sources */,
				55A079A823BD1B68002BD11D /* LocationSearchViewController.swift in Sources */,
				5585762D23B8798C00CABA38 /* CityListCheckPoints.swift in Sources */,
				55C3FE3F23B6B27F00CE7776 /* SceneDelegate.swift in Sources */,
				5585763323B8807900CABA38 /* City.swift in Sources */,
				55A079AA23BD1C39002BD11D /* AutocompleteCitySearchTableViewCell.swift in Sources */,
				555A1A5923BE7DBD00953214 /* DayOfWeek.swift in Sources */,
				551CF19A23BB039A00101E57 /* FiveDayForecastViewController.swift in Sources */,
				55C3FE4723B6B27F00CE7776 /* Umbrella_Today_.xcdatamodeld in Sources */,
				551BFA7823BF000D00E98456 /* SignUpViewController.swift in Sources */,
				5585763123B87E5700CABA38 /* Temperature.swift in Sources */,
				55A2916623B9818F0031F48E /* UIColor+Extensions.swift in Sources */,
				5585763723B93EA400CABA38 /* JsonParser.swift in Sources */,
				5521B1B623B6C90300D0911C /* WeatherReport.swift in Sources */,
				55617CB823BF9D4100D1EBC4 /* String+Extensions.swift in Sources */,
				550FDBAF23BC10310088EACC /* HourlyForecastTableViewCell.swift in Sources */,
				551A0FAC23C02F2300F4E5F1 /* Constants.swift in Sources */,
			);
			runOnlyForDeploymentPostprocessing = 0;
		};
/* End PBXSourcesBuildPhase section */

/* Begin PBXVariantGroup section */
		55C3FE4223B6B27F00CE7776 /* Main.storyboard */ = {
			isa = PBXVariantGroup;
			children = (
				55C3FE4323B6B27F00CE7776 /* Base */,
			);
			name = Main.storyboard;
			sourceTree = "<group>";
		};
		55C3FE4A23B6B28200CE7776 /* LaunchScreen.storyboard */ = {
			isa = PBXVariantGroup;
			children = (
				55C3FE4B23B6B28200CE7776 /* Base */,
			);
			name = LaunchScreen.storyboard;
			sourceTree = "<group>";
		};
/* End PBXVariantGroup section */

/* Begin XCBuildConfiguration section */
		55C3FE4E23B6B28200CE7776 /* Debug */ = {
			isa = XCBuildConfiguration;
			buildSettings = {
				ALWAYS_SEARCH_USER_PATHS = NO;
				CLANG_ANALYZER_NONNULL = YES;
				CLANG_ANALYZER_NUMBER_OBJECT_CONVERSION = YES_AGGRESSIVE;
				CLANG_CXX_LANGUAGE_STANDARD = "gnu++14";
				CLANG_CXX_LIBRARY = "libc++";
				CLANG_ENABLE_MODULES = YES;
				CLANG_ENABLE_OBJC_ARC = YES;
				CLANG_ENABLE_OBJC_WEAK = YES;
				CLANG_WARN_BLOCK_CAPTURE_AUTORELEASING = YES;
				CLANG_WARN_BOOL_CONVERSION = YES;
				CLANG_WARN_COMMA = YES;
				CLANG_WARN_CONSTANT_CONVERSION = YES;
				CLANG_WARN_DEPRECATED_OBJC_IMPLEMENTATIONS = YES;
				CLANG_WARN_DIRECT_OBJC_ISA_USAGE = YES_ERROR;
				CLANG_WARN_DOCUMENTATION_COMMENTS = YES;
				CLANG_WARN_EMPTY_BODY = YES;
				CLANG_WARN_ENUM_CONVERSION = YES;
				CLANG_WARN_INFINITE_RECURSION = YES;
				CLANG_WARN_INT_CONVERSION = YES;
				CLANG_WARN_NON_LITERAL_NULL_CONVERSION = YES;
				CLANG_WARN_OBJC_IMPLICIT_RETAIN_SELF = YES;
				CLANG_WARN_OBJC_LITERAL_CONVERSION = YES;
				CLANG_WARN_OBJC_ROOT_CLASS = YES_ERROR;
				CLANG_WARN_RANGE_LOOP_ANALYSIS = YES;
				CLANG_WARN_STRICT_PROTOTYPES = YES;
				CLANG_WARN_SUSPICIOUS_MOVE = YES;
				CLANG_WARN_UNGUARDED_AVAILABILITY = YES_AGGRESSIVE;
				CLANG_WARN_UNREACHABLE_CODE = YES;
				CLANG_WARN__DUPLICATE_METHOD_MATCH = YES;
				COPY_PHASE_STRIP = NO;
				DEBUG_INFORMATION_FORMAT = dwarf;
				ENABLE_STRICT_OBJC_MSGSEND = YES;
				ENABLE_TESTABILITY = YES;
				GCC_C_LANGUAGE_STANDARD = gnu11;
				GCC_DYNAMIC_NO_PIC = NO;
				GCC_NO_COMMON_BLOCKS = YES;
				GCC_OPTIMIZATION_LEVEL = 0;
				GCC_PREPROCESSOR_DEFINITIONS = (
					"DEBUG=1",
					"$(inherited)",
				);
				GCC_WARN_64_TO_32_BIT_CONVERSION = YES;
				GCC_WARN_ABOUT_RETURN_TYPE = YES_ERROR;
				GCC_WARN_UNDECLARED_SELECTOR = YES;
				GCC_WARN_UNINITIALIZED_AUTOS = YES_AGGRESSIVE;
				GCC_WARN_UNUSED_FUNCTION = YES;
				GCC_WARN_UNUSED_VARIABLE = YES;
				IPHONEOS_DEPLOYMENT_TARGET = 13.2;
				MTL_ENABLE_DEBUG_INFO = INCLUDE_SOURCE;
				MTL_FAST_MATH = YES;
				ONLY_ACTIVE_ARCH = YES;
				SDKROOT = iphoneos;
				SWIFT_ACTIVE_COMPILATION_CONDITIONS = DEBUG;
				SWIFT_OPTIMIZATION_LEVEL = "-Onone";
			};
			name = Debug;
		};
		55C3FE4F23B6B28200CE7776 /* Release */ = {
			isa = XCBuildConfiguration;
			buildSettings = {
				ALWAYS_SEARCH_USER_PATHS = NO;
				CLANG_ANALYZER_NONNULL = YES;
				CLANG_ANALYZER_NUMBER_OBJECT_CONVERSION = YES_AGGRESSIVE;
				CLANG_CXX_LANGUAGE_STANDARD = "gnu++14";
				CLANG_CXX_LIBRARY = "libc++";
				CLANG_ENABLE_MODULES = YES;
				CLANG_ENABLE_OBJC_ARC = YES;
				CLANG_ENABLE_OBJC_WEAK = YES;
				CLANG_WARN_BLOCK_CAPTURE_AUTORELEASING = YES;
				CLANG_WARN_BOOL_CONVERSION = YES;
				CLANG_WARN_COMMA = YES;
				CLANG_WARN_CONSTANT_CONVERSION = YES;
				CLANG_WARN_DEPRECATED_OBJC_IMPLEMENTATIONS = YES;
				CLANG_WARN_DIRECT_OBJC_ISA_USAGE = YES_ERROR;
				CLANG_WARN_DOCUMENTATION_COMMENTS = YES;
				CLANG_WARN_EMPTY_BODY = YES;
				CLANG_WARN_ENUM_CONVERSION = YES;
				CLANG_WARN_INFINITE_RECURSION = YES;
				CLANG_WARN_INT_CONVERSION = YES;
				CLANG_WARN_NON_LITERAL_NULL_CONVERSION = YES;
				CLANG_WARN_OBJC_IMPLICIT_RETAIN_SELF = YES;
				CLANG_WARN_OBJC_LITERAL_CONVERSION = YES;
				CLANG_WARN_OBJC_ROOT_CLASS = YES_ERROR;
				CLANG_WARN_RANGE_LOOP_ANALYSIS = YES;
				CLANG_WARN_STRICT_PROTOTYPES = YES;
				CLANG_WARN_SUSPICIOUS_MOVE = YES;
				CLANG_WARN_UNGUARDED_AVAILABILITY = YES_AGGRESSIVE;
				CLANG_WARN_UNREACHABLE_CODE = YES;
				CLANG_WARN__DUPLICATE_METHOD_MATCH = YES;
				COPY_PHASE_STRIP = NO;
				DEBUG_INFORMATION_FORMAT = "dwarf-with-dsym";
				ENABLE_NS_ASSERTIONS = NO;
				ENABLE_STRICT_OBJC_MSGSEND = YES;
				GCC_C_LANGUAGE_STANDARD = gnu11;
				GCC_NO_COMMON_BLOCKS = YES;
				GCC_WARN_64_TO_32_BIT_CONVERSION = YES;
				GCC_WARN_ABOUT_RETURN_TYPE = YES_ERROR;
				GCC_WARN_UNDECLARED_SELECTOR = YES;
				GCC_WARN_UNINITIALIZED_AUTOS = YES_AGGRESSIVE;
				GCC_WARN_UNUSED_FUNCTION = YES;
				GCC_WARN_UNUSED_VARIABLE = YES;
				IPHONEOS_DEPLOYMENT_TARGET = 13.2;
				MTL_ENABLE_DEBUG_INFO = NO;
				MTL_FAST_MATH = YES;
				SDKROOT = iphoneos;
				SWIFT_COMPILATION_MODE = wholemodule;
				SWIFT_OPTIMIZATION_LEVEL = "-O";
				VALIDATE_PRODUCT = YES;
			};
			name = Release;
		};
		55C3FE5123B6B28200CE7776 /* Debug */ = {
			isa = XCBuildConfiguration;
			baseConfigurationReference = 22FFC432312624CC84A18F46 /* Pods-Umbrella Today?.debug.xcconfig */;
			buildSettings = {
				ASSETCATALOG_COMPILER_APPICON_NAME = AppIcon;
				CODE_SIGN_STYLE = Automatic;
				DEVELOPMENT_TEAM = 2RB8YD7NFS;
				INFOPLIST_FILE = "Umbrella Today?/Info.plist";
				LD_RUNPATH_SEARCH_PATHS = (
					"$(inherited)",
					"@executable_path/Frameworks",
				);
				PRODUCT_BUNDLE_IDENTIFIER = "com.FiestaToGo.Umbrella-Today-";
				PRODUCT_NAME = UmbrellaPal;
				SWIFT_VERSION = 5.0;
				TARGETED_DEVICE_FAMILY = "1,2";
			};
			name = Debug;
		};
		55C3FE5223B6B28200CE7776 /* Release */ = {
			isa = XCBuildConfiguration;
			baseConfigurationReference = 99EC326CFE3E1ADBC87A6EF7 /* Pods-Umbrella Today?.release.xcconfig */;
			buildSettings = {
				ASSETCATALOG_COMPILER_APPICON_NAME = AppIcon;
				CODE_SIGN_STYLE = Automatic;
				DEVELOPMENT_TEAM = 2RB8YD7NFS;
				INFOPLIST_FILE = "Umbrella Today?/Info.plist";
				LD_RUNPATH_SEARCH_PATHS = (
					"$(inherited)",
					"@executable_path/Frameworks",
				);
				PRODUCT_BUNDLE_IDENTIFIER = "com.FiestaToGo.Umbrella-Today-";
				PRODUCT_NAME = UmbrellaPal;
				SWIFT_VERSION = 5.0;
				TARGETED_DEVICE_FAMILY = "1,2";
			};
			name = Release;
		};
/* End XCBuildConfiguration section */

/* Begin XCConfigurationList section */
		55C3FE3423B6B27F00CE7776 /* Build configuration list for PBXProject "Umbrella Today?" */ = {
			isa = XCConfigurationList;
			buildConfigurations = (
				55C3FE4E23B6B28200CE7776 /* Debug */,
				55C3FE4F23B6B28200CE7776 /* Release */,
			);
			defaultConfigurationIsVisible = 0;
			defaultConfigurationName = Release;
		};
		55C3FE5023B6B28200CE7776 /* Build configuration list for PBXNativeTarget "Umbrella Today?" */ = {
			isa = XCConfigurationList;
			buildConfigurations = (
				55C3FE5123B6B28200CE7776 /* Debug */,
				55C3FE5223B6B28200CE7776 /* Release */,
			);
			defaultConfigurationIsVisible = 0;
			defaultConfigurationName = Release;
		};
/* End XCConfigurationList section */

/* Begin XCVersionGroup section */
		55C3FE4523B6B27F00CE7776 /* Umbrella_Today_.xcdatamodeld */ = {
			isa = XCVersionGroup;
			children = (
				55C3FE4623B6B27F00CE7776 /* Umbrella_Today_.xcdatamodel */,
			);
			currentVersion = 55C3FE4623B6B27F00CE7776 /* Umbrella_Today_.xcdatamodel */;
			path = Umbrella_Today_.xcdatamodeld;
			sourceTree = "<group>";
			versionGroupType = wrapper.xcdatamodel;
		};
/* End XCVersionGroup section */
	};
	rootObject = 55C3FE3123B6B27F00CE7776 /* Project object */;
}
