// !$*UTF8*$!
{
	archiveVersion = 1;
	classes = {
	};
	objectVersion = 50;
	objects = {

/* Begin PBXBuildFile section */
		5521B1B423B6BCA100D0911C /* city.list.json in Resources */ = {isa = PBXBuildFile; fileRef = 5521B1B323B6BCA000D0911C /* city.list.json */; };
		5521B1B623B6C90300D0911C /* Weather.swift in Sources */ = {isa = PBXBuildFile; fileRef = 5521B1B523B6C90300D0911C /* Weather.swift */; };
		5521B1B823B6ED7B00D0911C /* Helpers.swift in Sources */ = {isa = PBXBuildFile; fileRef = 5521B1B723B6ED7B00D0911C /* Helpers.swift */; };
		55C3FE3D23B6B27F00CE7776 /* AppDelegate.swift in Sources */ = {isa = PBXBuildFile; fileRef = 55C3FE3C23B6B27F00CE7776 /* AppDelegate.swift */; };
		55C3FE3F23B6B27F00CE7776 /* SceneDelegate.swift in Sources */ = {isa = PBXBuildFile; fileRef = 55C3FE3E23B6B27F00CE7776 /* SceneDelegate.swift */; };
		55C3FE4123B6B27F00CE7776 /* ViewController.swift in Sources */ = {isa = PBXBuildFile; fileRef = 55C3FE4023B6B27F00CE7776 /* ViewController.swift */; };
		55C3FE4423B6B27F00CE7776 /* Main.storyboard in Resources */ = {isa = PBXBuildFile; fileRef = 55C3FE4223B6B27F00CE7776 /* Main.storyboard */; };
		55C3FE4723B6B27F00CE7776 /* Umbrella_Today_.xcdatamodeld in Sources */ = {isa = PBXBuildFile; fileRef = 55C3FE4523B6B27F00CE7776 /* Umbrella_Today_.xcdatamodeld */; };
		55C3FE4923B6B28200CE7776 /* Assets.xcassets in Resources */ = {isa = PBXBuildFile; fileRef = 55C3FE4823B6B28200CE7776 /* Assets.xcassets */; };
		55C3FE4C23B6B28200CE7776 /* LaunchScreen.storyboard in Resources */ = {isa = PBXBuildFile; fileRef = 55C3FE4A23B6B28200CE7776 /* LaunchScreen.storyboard */; };
		740AA9BC6AFAFF17F1BCBC0D /* Pods_Umbrella_Today_.framework in Frameworks */ = {isa = PBXBuildFile; fileRef = FAFD893038799641174FC52B /* Pods_Umbrella_Today_.framework */; };
/* End PBXBuildFile section */

/* Begin PBXFileReference section */
		22FFC432312624CC84A18F46 /* Pods-Umbrella Today?.debug.xcconfig */ = {isa = PBXFileReference; includeInIndex = 1; lastKnownFileType = text.xcconfig; name = "Pods-Umbrella Today?.debug.xcconfig"; path = "Target Support Files/Pods-Umbrella Today?/Pods-Umbrella Today?.debug.xcconfig"; sourceTree = "<group>"; };
		5521B1B323B6BCA000D0911C /* city.list.json */ = {isa = PBXFileReference; fileEncoding = 4; lastKnownFileType = text.json; path = city.list.json; sourceTree = "<group>"; };
		5521B1B523B6C90300D0911C /* Weather.swift */ = {isa = PBXFileReference; lastKnownFileType = sourcecode.swift; path = Weather.swift; sourceTree = "<group>"; };
		5521B1B723B6ED7B00D0911C /* Helpers.swift */ = {isa = PBXFileReference; lastKnownFileType = sourcecode.swift; path = Helpers.swift; sourceTree = "<group>"; };
		55C3FE3923B6B27F00CE7776 /* Umbrella Today?.app */ = {isa = PBXFileReference; explicitFileType = wrapper.application; includeInIndex = 0; path = "Umbrella Today?.app"; sourceTree = BUILT_PRODUCTS_DIR; };
		55C3FE3C23B6B27F00CE7776 /* AppDelegate.swift */ = {isa = PBXFileReference; lastKnownFileType = sourcecode.swift; path = AppDelegate.swift; sourceTree = "<group>"; };
		55C3FE3E23B6B27F00CE7776 /* SceneDelegate.swift */ = {isa = PBXFileReference; lastKnownFileType = sourcecode.swift; path = SceneDelegate.swift; sourceTree = "<group>"; };
		55C3FE4023B6B27F00CE7776 /* ViewController.swift */ = {isa = PBXFileReference; lastKnownFileType = sourcecode.swift; path = ViewController.swift; sourceTree = "<group>"; };
		55C3FE4323B6B27F00CE7776 /* Base */ = {isa = PBXFileReference; lastKnownFileType = file.storyboard; name = Base; path = Base.lproj/Main.storyboard; sourceTree = "<group>"; };
		55C3FE4623B6B27F00CE7776 /* Umbrella_Today_.xcdatamodel */ = {isa = PBXFileReference; lastKnownFileType = wrapper.xcdatamodel; path = Umbrella_Today_.xcdatamodel; sourceTree = "<group>"; };
		55C3FE4823B6B28200CE7776 /* Assets.xcassets */ = {isa = PBXFileReference; lastKnownFileType = folder.assetcatalog; path = Assets.xcassets; sourceTree = "<group>"; };
		55C3FE4B23B6B28200CE7776 /* Base */ = {isa = PBXFileReference; lastKnownFileType = file.storyboard; name = Base; path = Base.lproj/LaunchScreen.storyboard; sourceTree = "<group>"; };
		55C3FE4D23B6B28200CE7776 /* Info.plist */ = {isa = PBXFileReference; lastKnownFileType = text.plist.xml; path = Info.plist; sourceTree = "<group>"; };
		99EC326CFE3E1ADBC87A6EF7 /* Pods-Umbrella Today?.release.xcconfig */ = {isa = PBXFileReference; includeInIndex = 1; lastKnownFileType = text.xcconfig; name = "Pods-Umbrella Today?.release.xcconfig"; path = "Target Support Files/Pods-Umbrella Today?/Pods-Umbrella Today?.release.xcconfig"; sourceTree = "<group>"; };
		FAFD893038799641174FC52B /* Pods_Umbrella_Today_.framework */ = {isa = PBXFileReference; explicitFileType = wrapper.framework; includeInIndex = 0; path = Pods_Umbrella_Today_.framework; sourceTree = BUILT_PRODUCTS_DIR; };
/* End PBXFileReference section */

/* Begin PBXFrameworksBuildPhase section */
		55C3FE3623B6B27F00CE7776 /* Frameworks */ = {
			isa = PBXFrameworksBuildPhase;
			buildActionMask = 2147483647;
			files = (
				740AA9BC6AFAFF17F1BCBC0D /* Pods_Umbrella_Today_.framework in Frameworks */,
			);
			runOnlyForDeploymentPostprocessing = 0;
		};
/* End PBXFrameworksBuildPhase section */

/* Begin PBXGroup section */
		06DC72063C4D870A3A8E0C94 /* Pods */ = {
			isa = PBXGroup;
			children = (
				22FFC432312624CC84A18F46 /* Pods-Umbrella Today?.debug.xcconfig */,
				99EC326CFE3E1ADBC87A6EF7 /* Pods-Umbrella Today?.release.xcconfig */,
			);
			path = Pods;
			sourceTree = "<group>";
		};
		55C3FE3023B6B27F00CE7776 = {
			isa = PBXGroup;
			children = (
				55C3FE3B23B6B27F00CE7776 /* Umbrella Today? */,
				55C3FE3A23B6B27F00CE7776 /* Products */,
				06DC72063C4D870A3A8E0C94 /* Pods */,
				C6496420EBCE793A4E3186B2 /* Frameworks */,
			);
			sourceTree = "<group>";
		};
		55C3FE3A23B6B27F00CE7776 /* Products */ = {
			isa = PBXGroup;
			children = (
				55C3FE3923B6B27F00CE7776 /* Umbrella Today?.app */,
			);
			name = Products;
			sourceTree = "<group>";
		};
		55C3FE3B23B6B27F00CE7776 /* Umbrella Today? */ = {
			isa = PBXGroup;
			children = (
				55C3FE3C23B6B27F00CE7776 /* AppDelegate.swift */,
				5521B1B723B6ED7B00D0911C /* Helpers.swift */,
				5521B1B523B6C90300D0911C /* Weather.swift */,
				55C3FE3E23B6B27F00CE7776 /* SceneDelegate.swift */,
				55C3FE4023B6B27F00CE7776 /* ViewController.swift */,
				55C3FE4223B6B27F00CE7776 /* Main.storyboard */,
				5521B1B323B6BCA000D0911C /* city.list.json */,
				55C3FE4823B6B28200CE7776 /* Assets.xcassets */,
				55C3FE4A23B6B28200CE7776 /* LaunchScreen.storyboard */,
				55C3FE4D23B6B28200CE7776 /* Info.plist */,
				55C3FE4523B6B27F00CE7776 /* Umbrella_Today_.xcdatamodeld */,
			);
			path = "Umbrella Today?";
			sourceTree = "<group>";
		};
		C6496420EBCE793A4E3186B2 /* Frameworks */ = {
			isa = PBXGroup;
			children = (
				FAFD893038799641174FC52B /* Pods_Umbrella_Today_.framework */,
			);
			name = Frameworks;
			sourceTree = "<group>";
		};
/* End PBXGroup section */

/* Begin PBXNativeTarget section */
		55C3FE3823B6B27F00CE7776 /* Umbrella Today? */ = {
			isa = PBXNativeTarget;
			buildConfigurationList = 55C3FE5023B6B28200CE7776 /* Build configuration list for PBXNativeTarget "Umbrella Today?" */;
			buildPhases = (
				F48B4D54DAA6BEB3A6CB8CAF /* [CP] Check Pods Manifest.lock */,
				55C3FE3523B6B27F00CE7776 /* Sources */,
				55C3FE3623B6B27F00CE7776 /* Frameworks */,
				55C3FE3723B6B27F00CE7776 /* Resources */,
				8708ED008DB116576F2BE95F /* [CP] Embed Pods Frameworks */,
			);
			buildRules = (
			);
			dependencies = (
			);
			name = "Umbrella Today?";
			productName = "Umbrella Today?";
			productReference = 55C3FE3923B6B27F00CE7776 /* Umbrella Today?.app */;
			productType = "com.apple.product-type.application";
		};
/* End PBXNativeTarget section */

/* Begin PBXProject section */
		55C3FE3123B6B27F00CE7776 /* Project object */ = {
			isa = PBXProject;
			attributes = {
				LastSwiftUpdateCheck = 1130;
				LastUpgradeCheck = 1130;
				ORGANIZATIONNAME = "Fiesta Togo Inc";
				TargetAttributes = {
					55C3FE3823B6B27F00CE7776 = {
						CreatedOnToolsVersion = 11.3;
					};
				};
			};
			buildConfigurationList = 55C3FE3423B6B27F00CE7776 /* Build configuration list for PBXProject "Umbrella Today?" */;
			compatibilityVersion = "Xcode 9.3";
			developmentRegion = en;
			hasScannedForEncodings = 0;
			knownRegions = (
				en,
				Base,
			);
			mainGroup = 55C3FE3023B6B27F00CE7776;
			productRefGroup = 55C3FE3A23B6B27F00CE7776 /* Products */;
			projectDirPath = "";
			projectRoot = "";
			targets = (
				55C3FE3823B6B27F00CE7776 /* Umbrella Today? */,
			);
		};
/* End PBXProject section */

/* Begin PBXResourcesBuildPhase section */
		55C3FE3723B6B27F00CE7776 /* Resources */ = {
			isa = PBXResourcesBuildPhase;
			buildActionMask = 2147483647;
			files = (
				55C3FE4C23B6B28200CE7776 /* LaunchScreen.storyboard in Resources */,
				5521B1B423B6BCA100D0911C /* city.list.json in Resources */,
				55C3FE4923B6B28200CE7776 /* Assets.xcassets in Resources */,
				55C3FE4423B6B27F00CE7776 /* Main.storyboard in Resources */,
			);
			runOnlyForDeploymentPostprocessing = 0;
		};
/* End PBXResourcesBuildPhase section */

/* Begin PBXShellScriptBuildPhase section */
		8708ED008DB116576F2BE95F /* [CP] Embed Pods Frameworks */ = {
			isa = PBXShellScriptBuildPhase;
			buildActionMask = 2147483647;
			files = (
			);
			inputFileListPaths = (
			);
			inputPaths = (
				"${PODS_ROOT}/Target Support Files/Pods-Umbrella Today?/Pods-Umbrella Today?-frameworks.sh",
				"${BUILT_PRODUCTS_DIR}/Alamofire/Alamofire.framework",
			);
			name = "[CP] Embed Pods Frameworks";
			outputFileListPaths = (
			);
			outputPaths = (
				"${TARGET_BUILD_DIR}/${FRAMEWORKS_FOLDER_PATH}/Alamofire.framework",
			);
			runOnlyForDeploymentPostprocessing = 0;
			shellPath = /bin/sh;
			shellScript = "\"${PODS_ROOT}/Target Support Files/Pods-Umbrella Today?/Pods-Umbrella Today?-frameworks.sh\"\n";
			showEnvVarsInLog = 0;
		};
		F48B4D54DAA6BEB3A6CB8CAF /* [CP] Check Pods Manifest.lock */ = {
			isa = PBXShellScriptBuildPhase;
			buildActionMask = 2147483647;
			files = (
			);
			inputFileListPaths = (
			);
			inputPaths = (
				"${PODS_PODFILE_DIR_PATH}/Podfile.lock",
				"${PODS_ROOT}/Manifest.lock",
			);
			name = "[CP] Check Pods Manifest.lock";
			outputFileListPaths = (
			);
			outputPaths = (
				"$(DERIVED_FILE_DIR)/Pods-Umbrella Today?-checkManifestLockResult.txt",
			);
			runOnlyForDeploymentPostprocessing = 0;
			shellPath = /bin/sh;
			shellScript = "diff \"${PODS_PODFILE_DIR_PATH}/Podfile.lock\" \"${PODS_ROOT}/Manifest.lock\" > /dev/null\nif [ $? != 0 ] ; then\n    # print error to STDERR\n    echo \"error: The sandbox is not in sync with the Podfile.lock. Run 'pod install' or update your CocoaPods installation.\" >&2\n    exit 1\nfi\n# This output is used by Xcode 'outputs' to avoid re-running this script phase.\necho \"SUCCESS\" > \"${SCRIPT_OUTPUT_FILE_0}\"\n";
			showEnvVarsInLog = 0;
		};
/* End PBXShellScriptBuildPhase section */

/* Begin PBXSourcesBuildPhase section */
		55C3FE3523B6B27F00CE7776 /* Sources */ = {
			isa = PBXSourcesBuildPhase;
			buildActionMask = 2147483647;
			files = (
				55C3FE4123B6B27F00CE7776 /* ViewController.swift in Sources */,
				5521B1B823B6ED7B00D0911C /* Helpers.swift in Sources */,
				55C3FE3D23B6B27F00CE7776 /* AppDelegate.swift in Sources */,
				55C3FE3F23B6B27F00CE7776 /* SceneDelegate.swift in Sources */,
				55C3FE4723B6B27F00CE7776 /* Umbrella_Today_.xcdatamodeld in Sources */,
				5521B1B623B6C90300D0911C /* Weather.swift in Sources */,
			);
			runOnlyForDeploymentPostprocessing = 0;
		};
/* End PBXSourcesBuildPhase section */

/* Begin PBXVariantGroup section */
		55C3FE4223B6B27F00CE7776 /* Main.storyboard */ = {
			isa = PBXVariantGroup;
			children = (
				55C3FE4323B6B27F00CE7776 /* Base */,
			);
			name = Main.storyboard;
			sourceTree = "<group>";
		};
		55C3FE4A23B6B28200CE7776 /* LaunchScreen.storyboard */ = {
			isa = PBXVariantGroup;
			children = (
				55C3FE4B23B6B28200CE7776 /* Base */,
			);
			name = LaunchScreen.storyboard;
			sourceTree = "<group>";
		};
/* End PBXVariantGroup section */

/* Begin XCBuildConfiguration section */
		55C3FE4E23B6B28200CE7776 /* Debug */ = {
			isa = XCBuildConfiguration;
			buildSettings = {
				ALWAYS_SEARCH_USER_PATHS = NO;
				CLANG_ANALYZER_NONNULL = YES;
				CLANG_ANALYZER_NUMBER_OBJECT_CONVERSION = YES_AGGRESSIVE;
				CLANG_CXX_LANGUAGE_STANDARD = "gnu++14";
				CLANG_CXX_LIBRARY = "libc++";
				CLANG_ENABLE_MODULES = YES;
				CLANG_ENABLE_OBJC_ARC = YES;
				CLANG_ENABLE_OBJC_WEAK = YES;
				CLANG_WARN_BLOCK_CAPTURE_AUTORELEASING = YES;
				CLANG_WARN_BOOL_CONVERSION = YES;
				CLANG_WARN_COMMA = YES;
				CLANG_WARN_CONSTANT_CONVERSION = YES;
				CLANG_WARN_DEPRECATED_OBJC_IMPLEMENTATIONS = YES;
				CLANG_WARN_DIRECT_OBJC_ISA_USAGE = YES_ERROR;
				CLANG_WARN_DOCUMENTATION_COMMENTS = YES;
				CLANG_WARN_EMPTY_BODY = YES;
				CLANG_WARN_ENUM_CONVERSION = YES;
				CLANG_WARN_INFINITE_RECURSION = YES;
				CLANG_WARN_INT_CONVERSION = YES;
				CLANG_WARN_NON_LITERAL_NULL_CONVERSION = YES;
				CLANG_WARN_OBJC_IMPLICIT_RETAIN_SELF = YES;
				CLANG_WARN_OBJC_LITERAL_CONVERSION = YES;
				CLANG_WARN_OBJC_ROOT_CLASS = YES_ERROR;
				CLANG_WARN_RANGE_LOOP_ANALYSIS = YES;
				CLANG_WARN_STRICT_PROTOTYPES = YES;
				CLANG_WARN_SUSPICIOUS_MOVE = YES;
				CLANG_WARN_UNGUARDED_AVAILABILITY = YES_AGGRESSIVE;
				CLANG_WARN_UNREACHABLE_CODE = YES;
				CLANG_WARN__DUPLICATE_METHOD_MATCH = YES;
				COPY_PHASE_STRIP = NO;
				DEBUG_INFORMATION_FORMAT = dwarf;
				ENABLE_STRICT_OBJC_MSGSEND = YES;
				ENABLE_TESTABILITY = YES;
				GCC_C_LANGUAGE_STANDARD = gnu11;
				GCC_DYNAMIC_NO_PIC = NO;
				GCC_NO_COMMON_BLOCKS = YES;
				GCC_OPTIMIZATION_LEVEL = 0;
				GCC_PREPROCESSOR_DEFINITIONS = (
					"DEBUG=1",
					"$(inherited)",
				);
				GCC_WARN_64_TO_32_BIT_CONVERSION = YES;
				GCC_WARN_ABOUT_RETURN_TYPE = YES_ERROR;
				GCC_WARN_UNDECLARED_SELECTOR = YES;
				GCC_WARN_UNINITIALIZED_AUTOS = YES_AGGRESSIVE;
				GCC_WARN_UNUSED_FUNCTION = YES;
				GCC_WARN_UNUSED_VARIABLE = YES;
				IPHONEOS_DEPLOYMENT_TARGET = 13.2;
				MTL_ENABLE_DEBUG_INFO = INCLUDE_SOURCE;
				MTL_FAST_MATH = YES;
				ONLY_ACTIVE_ARCH = YES;
				SDKROOT = iphoneos;
				SWIFT_ACTIVE_COMPILATION_CONDITIONS = DEBUG;
				SWIFT_OPTIMIZATION_LEVEL = "-Onone";
			};
			name = Debug;
		};
		55C3FE4F23B6B28200CE7776 /* Release */ = {
			isa = XCBuildConfiguration;
			buildSettings = {
				ALWAYS_SEARCH_USER_PATHS = NO;
				CLANG_ANALYZER_NONNULL = YES;
				CLANG_ANALYZER_NUMBER_OBJECT_CONVERSION = YES_AGGRESSIVE;
				CLANG_CXX_LANGUAGE_STANDARD = "gnu++14";
				CLANG_CXX_LIBRARY = "libc++";
				CLANG_ENABLE_MODULES = YES;
				CLANG_ENABLE_OBJC_ARC = YES;
				CLANG_ENABLE_OBJC_WEAK = YES;
				CLANG_WARN_BLOCK_CAPTURE_AUTORELEASING = YES;
				CLANG_WARN_BOOL_CONVERSION = YES;
				CLANG_WARN_COMMA = YES;
				CLANG_WARN_CONSTANT_CONVERSION = YES;
				CLANG_WARN_DEPRECATED_OBJC_IMPLEMENTATIONS = YES;
				CLANG_WARN_DIRECT_OBJC_ISA_USAGE = YES_ERROR;
				CLANG_WARN_DOCUMENTATION_COMMENTS = YES;
				CLANG_WARN_EMPTY_BODY = YES;
				CLANG_WARN_ENUM_CONVERSION = YES;
				CLANG_WARN_INFINITE_RECURSION = YES;
				CLANG_WARN_INT_CONVERSION = YES;
				CLANG_WARN_NON_LITERAL_NULL_CONVERSION = YES;
				CLANG_WARN_OBJC_IMPLICIT_RETAIN_SELF = YES;
				CLANG_WARN_OBJC_LITERAL_CONVERSION = YES;
				CLANG_WARN_OBJC_ROOT_CLASS = YES_ERROR;
				CLANG_WARN_RANGE_LOOP_ANALYSIS = YES;
				CLANG_WARN_STRICT_PROTOTYPES = YES;
				CLANG_WARN_SUSPICIOUS_MOVE = YES;
				CLANG_WARN_UNGUARDED_AVAILABILITY = YES_AGGRESSIVE;
				CLANG_WARN_UNREACHABLE_CODE = YES;
				CLANG_WARN__DUPLICATE_METHOD_MATCH = YES;
				COPY_PHASE_STRIP = NO;
				DEBUG_INFORMATION_FORMAT = "dwarf-with-dsym";
				ENABLE_NS_ASSERTIONS = NO;
				ENABLE_STRICT_OBJC_MSGSEND = YES;
				GCC_C_LANGUAGE_STANDARD = gnu11;
				GCC_NO_COMMON_BLOCKS = YES;
				GCC_WARN_64_TO_32_BIT_CONVERSION = YES;
				GCC_WARN_ABOUT_RETURN_TYPE = YES_ERROR;
				GCC_WARN_UNDECLARED_SELECTOR = YES;
				GCC_WARN_UNINITIALIZED_AUTOS = YES_AGGRESSIVE;
				GCC_WARN_UNUSED_FUNCTION = YES;
				GCC_WARN_UNUSED_VARIABLE = YES;
				IPHONEOS_DEPLOYMENT_TARGET = 13.2;
				MTL_ENABLE_DEBUG_INFO = NO;
				MTL_FAST_MATH = YES;
				SDKROOT = iphoneos;
				SWIFT_COMPILATION_MODE = wholemodule;
				SWIFT_OPTIMIZATION_LEVEL = "-O";
				VALIDATE_PRODUCT = YES;
			};
			name = Release;
		};
		55C3FE5123B6B28200CE7776 /* Debug */ = {
			isa = XCBuildConfiguration;
			baseConfigurationReference = 22FFC432312624CC84A18F46 /* Pods-Umbrella Today?.debug.xcconfig */;
			buildSettings = {
				ASSETCATALOG_COMPILER_APPICON_NAME = AppIcon;
				CODE_SIGN_STYLE = Automatic;
				DEVELOPMENT_TEAM = 2RB8YD7NFS;
				INFOPLIST_FILE = "Umbrella Today?/Info.plist";
				LD_RUNPATH_SEARCH_PATHS = (
					"$(inherited)",
					"@executable_path/Frameworks",
				);
				PRODUCT_BUNDLE_IDENTIFIER = "com.FiestaToGo.Umbrella-Today-";
				PRODUCT_NAME = "$(TARGET_NAME)";
				SWIFT_VERSION = 5.0;
				TARGETED_DEVICE_FAMILY = "1,2";
			};
			name = Debug;
		};
		55C3FE5223B6B28200CE7776 /* Release */ = {
			isa = XCBuildConfiguration;
			baseConfigurationReference = 99EC326CFE3E1ADBC87A6EF7 /* Pods-Umbrella Today?.release.xcconfig */;
			buildSettings = {
				ASSETCATALOG_COMPILER_APPICON_NAME = AppIcon;
				CODE_SIGN_STYLE = Automatic;
				DEVELOPMENT_TEAM = 2RB8YD7NFS;
				INFOPLIST_FILE = "Umbrella Today?/Info.plist";
				LD_RUNPATH_SEARCH_PATHS = (
					"$(inherited)",
					"@executable_path/Frameworks",
				);
				PRODUCT_BUNDLE_IDENTIFIER = "com.FiestaToGo.Umbrella-Today-";
				PRODUCT_NAME = "$(TARGET_NAME)";
				SWIFT_VERSION = 5.0;
				TARGETED_DEVICE_FAMILY = "1,2";
			};
			name = Release;
		};
/* End XCBuildConfiguration section */

/* Begin XCConfigurationList section */
		55C3FE3423B6B27F00CE7776 /* Build configuration list for PBXProject "Umbrella Today?" */ = {
			isa = XCConfigurationList;
			buildConfigurations = (
				55C3FE4E23B6B28200CE7776 /* Debug */,
				55C3FE4F23B6B28200CE7776 /* Release */,
			);
			defaultConfigurationIsVisible = 0;
			defaultConfigurationName = Release;
		};
		55C3FE5023B6B28200CE7776 /* Build configuration list for PBXNativeTarget "Umbrella Today?" */ = {
			isa = XCConfigurationList;
			buildConfigurations = (
				55C3FE5123B6B28200CE7776 /* Debug */,
				55C3FE5223B6B28200CE7776 /* Release */,
			);
			defaultConfigurationIsVisible = 0;
			defaultConfigurationName = Release;
		};
/* End XCConfigurationList section */

/* Begin XCVersionGroup section */
		55C3FE4523B6B27F00CE7776 /* Umbrella_Today_.xcdatamodeld */ = {
			isa = XCVersionGroup;
			children = (
				55C3FE4623B6B27F00CE7776 /* Umbrella_Today_.xcdatamodel */,
			);
			currentVersion = 55C3FE4623B6B27F00CE7776 /* Umbrella_Today_.xcdatamodel */;
			path = Umbrella_Today_.xcdatamodeld;
			sourceTree = "<group>";
			versionGroupType = wrapper.xcdatamodel;
		};
/* End XCVersionGroup section */
	};
	rootObject = 55C3FE3123B6B27F00CE7776 /* Project object */;
}
